
Microsoft Visual Studio Solution File, Format Version 12.00
# Visual Studio 15
VisualStudioVersion = 15.0.28010.2036
MinimumVisualStudioVersion = 10.0.40219.1
Project("{FAE04EC0-301F-11D3-BF4B-00C04F79EFBC}") = "UnitTestProject1", "UnitTestProject1\UnitTestProject1.csproj", "{F3F7E107-4959-48D8-A967-EE0AE3727828}"
EndProject
Global
	GlobalSection(SolutionConfigurationPlatforms) = preSolution
		Debug|Any CPU = Debug|Any CPU
		Release|Any CPU = Release|Any CPU
	EndGlobalSection
	GlobalSection(ProjectConfigurationPlatforms) = postSolution
		{F3F7E107-4959-48D8-A967-EE0AE3727828}.Debug|Any CPU.ActiveCfg = Debug|Any CPU
		{F3F7E107-4959-48D8-A967-EE0AE3727828}.Debug|Any CPU.Build.0 = Debug|Any CPU
		{F3F7E107-4959-48D8-A967-EE0AE3727828}.Release|Any CPU.ActiveCfg = Release|Any CPU
		{F3F7E107-4959-48D8-A967-EE0AE3727828}.Release|Any CPU.Build.0 = Release|Any CPU
	EndGlobalSection
	GlobalSection(SolutionProperties) = preSolution
		HideSolutionNode = FALSE
	EndGlobalSection
	GlobalSection(ExtensibilityGlobals) = postSolution
		SolutionGuid = {DD29CA95-B4DC-47E4-B2D3-5BC827709F08}
	EndGlobalSection
EndGlobal
